// !$*UTF8*$!
{
	archiveVersion = 1;
	classes = {
	};
	objectVersion = 55;
	objects = {

/* Begin PBXBuildFile section */
		072F716A28D4DB3B00EEDE98 /* AppDelegate.swift in Sources */ = {isa = PBXBuildFile; fileRef = 072F716928D4DB3B00EEDE98 /* AppDelegate.swift */; };
		072F716C28D4DB3B00EEDE98 /* SceneDelegate.swift in Sources */ = {isa = PBXBuildFile; fileRef = 072F716B28D4DB3B00EEDE98 /* SceneDelegate.swift */; };
		072F716E28D4DB3B00EEDE98 /* ViewController.swift in Sources */ = {isa = PBXBuildFile; fileRef = 072F716D28D4DB3B00EEDE98 /* ViewController.swift */; };
		072F717128D4DB3B00EEDE98 /* Main.storyboard in Resources */ = {isa = PBXBuildFile; fileRef = 072F716F28D4DB3B00EEDE98 /* Main.storyboard */; };
		072F717328D4DB3C00EEDE98 /* Assets.xcassets in Resources */ = {isa = PBXBuildFile; fileRef = 072F717228D4DB3C00EEDE98 /* Assets.xcassets */; };
		072F717628D4DB3C00EEDE98 /* LaunchScreen.storyboard in Resources */ = {isa = PBXBuildFile; fileRef = 072F717428D4DB3C00EEDE98 /* LaunchScreen.storyboard */; };
		072F717E28D5A1E200EEDE98 /* DatabaseHelper.swift in Sources */ = {isa = PBXBuildFile; fileRef = 072F717D28D5A1E200EEDE98 /* DatabaseHelper.swift */; };
		658A96D33B4724154166C14E /* Pods_ToDoAppRealm.framework in Frameworks */ = {isa = PBXBuildFile; fileRef = 38DF607C706F73EF27E06E48 /* Pods_ToDoAppRealm.framework */; };
/* End PBXBuildFile section */

/* Begin PBXFileReference section */
		072F716628D4DB3B00EEDE98 /* ToDoAppRealm.app */ = {isa = PBXFileReference; explicitFileType = wrapper.application; includeInIndex = 0; path = ToDoAppRealm.app; sourceTree = BUILT_PRODUCTS_DIR; };
		072F716928D4DB3B00EEDE98 /* AppDelegate.swift */ = {isa = PBXFileReference; lastKnownFileType = sourcecode.swift; path = AppDelegate.swift; sourceTree = "<group>"; };
		072F716B28D4DB3B00EEDE98 /* SceneDelegate.swift */ = {isa = PBXFileReference; lastKnownFileType = sourcecode.swift; path = SceneDelegate.swift; sourceTree = "<group>"; };
		072F716D28D4DB3B00EEDE98 /* ViewController.swift */ = {isa = PBXFileReference; lastKnownFileType = sourcecode.swift; path = ViewController.swift; sourceTree = "<group>"; };
		072F717028D4DB3B00EEDE98 /* Base */ = {isa = PBXFileReference; lastKnownFileType = file.storyboard; name = Base; path = Base.lproj/Main.storyboard; sourceTree = "<group>"; };
		072F717228D4DB3C00EEDE98 /* Assets.xcassets */ = {isa = PBXFileReference; lastKnownFileType = folder.assetcatalog; path = Assets.xcassets; sourceTree = "<group>"; };
		072F717528D4DB3C00EEDE98 /* Base */ = {isa = PBXFileReference; lastKnownFileType = file.storyboard; name = Base; path = Base.lproj/LaunchScreen.storyboard; sourceTree = "<group>"; };
		072F717728D4DB3C00EEDE98 /* Info.plist */ = {isa = PBXFileReference; lastKnownFileType = text.plist.xml; path = Info.plist; sourceTree = "<group>"; };
		072F717D28D5A1E200EEDE98 /* DatabaseHelper.swift */ = {isa = PBXFileReference; lastKnownFileType = sourcecode.swift; path = DatabaseHelper.swift; sourceTree = "<group>"; };
		38DF607C706F73EF27E06E48 /* Pods_ToDoAppRealm.framework */ = {isa = PBXFileReference; explicitFileType = wrapper.framework; includeInIndex = 0; path = Pods_ToDoAppRealm.framework; sourceTree = BUILT_PRODUCTS_DIR; };
		6A58CB17BB1CD07B33864CAC /* Pods-ToDoAppRealm.release.xcconfig */ = {isa = PBXFileReference; includeInIndex = 1; lastKnownFileType = text.xcconfig; name = "Pods-ToDoAppRealm.release.xcconfig"; path = "Target Support Files/Pods-ToDoAppRealm/Pods-ToDoAppRealm.release.xcconfig"; sourceTree = "<group>"; };
		D6A13E4287A8E8DC590BAB46 /* Pods-ToDoAppRealm.debug.xcconfig */ = {isa = PBXFileReference; includeInIndex = 1; lastKnownFileType = text.xcconfig; name = "Pods-ToDoAppRealm.debug.xcconfig"; path = "Target Support Files/Pods-ToDoAppRealm/Pods-ToDoAppRealm.debug.xcconfig"; sourceTree = "<group>"; };
/* End PBXFileReference section */

/* Begin PBXFrameworksBuildPhase section */
		072F716328D4DB3B00EEDE98 /* Frameworks */ = {
			isa = PBXFrameworksBuildPhase;
			buildActionMask = 2147483647;
			files = (
				658A96D33B4724154166C14E /* Pods_ToDoAppRealm.framework in Frameworks */,
			);
			runOnlyForDeploymentPostprocessing = 0;
		};
/* End PBXFrameworksBuildPhase section */

/* Begin PBXGroup section */
		072F715D28D4DB3B00EEDE98 = {
			isa = PBXGroup;
			children = (
				072F716828D4DB3B00EEDE98 /* ToDoAppRealm */,
				072F716728D4DB3B00EEDE98 /* Products */,
				1B514C98F6AB40B9D1AE22B0 /* Pods */,
				1B7FA01EA90CAE8B7CAD217F /* Frameworks */,
			);
			sourceTree = "<group>";
		};
		072F716728D4DB3B00EEDE98 /* Products */ = {
			isa = PBXGroup;
			children = (
				072F716628D4DB3B00EEDE98 /* ToDoAppRealm.app */,
			);
			name = Products;
			sourceTree = "<group>";
		};
		072F716828D4DB3B00EEDE98 /* ToDoAppRealm */ = {
			isa = PBXGroup;
			children = (
				072F716928D4DB3B00EEDE98 /* AppDelegate.swift */,
				072F716B28D4DB3B00EEDE98 /* SceneDelegate.swift */,
				072F716D28D4DB3B00EEDE98 /* ViewController.swift */,
				072F716F28D4DB3B00EEDE98 /* Main.storyboard */,
				072F717228D4DB3C00EEDE98 /* Assets.xcassets */,
				072F717428D4DB3C00EEDE98 /* LaunchScreen.storyboard */,
				072F717728D4DB3C00EEDE98 /* Info.plist */,
				072F717D28D5A1E200EEDE98 /* DatabaseHelper.swift */,
			);
			path = ToDoAppRealm;
			sourceTree = "<group>";
		};
		1B514C98F6AB40B9D1AE22B0 /* Pods */ = {
			isa = PBXGroup;
			children = (
				D6A13E4287A8E8DC590BAB46 /* Pods-ToDoAppRealm.debug.xcconfig */,
				6A58CB17BB1CD07B33864CAC /* Pods-ToDoAppRealm.release.xcconfig */,
			);
			path = Pods;
			sourceTree = "<group>";
		};
		1B7FA01EA90CAE8B7CAD217F /* Frameworks */ = {
			isa = PBXGroup;
			children = (
				38DF607C706F73EF27E06E48 /* Pods_ToDoAppRealm.framework */,
			);
			name = Frameworks;
			sourceTree = "<group>";
		};
/* End PBXGroup section */

/* Begin PBXNativeTarget section */
		072F716528D4DB3B00EEDE98 /* ToDoAppRealm */ = {
			isa = PBXNativeTarget;
			buildConfigurationList = 072F717A28D4DB3C00EEDE98 /* Build configuration list for PBXNativeTarget "ToDoAppRealm" */;
			buildPhases = (
				C770592145D9C6CB7DA35BB9 /* [CP] Check Pods Manifest.lock */,
				072F716228D4DB3B00EEDE98 /* Sources */,
				072F716328D4DB3B00EEDE98 /* Frameworks */,
				072F716428D4DB3B00EEDE98 /* Resources */,
				A7EA3DC857336F098F589410 /* [CP] Embed Pods Frameworks */,
			);
			buildRules = (
			);
			dependencies = (
			);
			name = ToDoAppRealm;
			productName = ToDoAppRealm;
			productReference = 072F716628D4DB3B00EEDE98 /* ToDoAppRealm.app */;
			productType = "com.apple.product-type.application";
		};
/* End PBXNativeTarget section */

/* Begin PBXProject section */
		072F715E28D4DB3B00EEDE98 /* Project object */ = {
			isa = PBXProject;
			attributes = {
				BuildIndependentTargetsInParallel = 1;
				LastSwiftUpdateCheck = 1330;
				LastUpgradeCheck = 1330;
				TargetAttributes = {
					072F716528D4DB3B00EEDE98 = {
						CreatedOnToolsVersion = 13.3;
					};
				};
			};
			buildConfigurationList = 072F716128D4DB3B00EEDE98 /* Build configuration list for PBXProject "ToDoAppRealm" */;
			compatibilityVersion = "Xcode 13.0";
			developmentRegion = en;
			hasScannedForEncodings = 0;
			knownRegions = (
				en,
				Base,
			);
			mainGroup = 072F715D28D4DB3B00EEDE98;
			productRefGroup = 072F716728D4DB3B00EEDE98 /* Products */;
			projectDirPath = "";
			projectRoot = "";
			targets = (
				072F716528D4DB3B00EEDE98 /* ToDoAppRealm */,
			);
		};
/* End PBXProject section */

/* Begin PBXResourcesBuildPhase section */
		072F716428D4DB3B00EEDE98 /* Resources */ = {
			isa = PBXResourcesBuildPhase;
			buildActionMask = 2147483647;
			files = (
				072F717628D4DB3C00EEDE98 /* LaunchScreen.storyboard in Resources */,
				072F717328D4DB3C00EEDE98 /* Assets.xcassets in Resources */,
				072F717128D4DB3B00EEDE98 /* Main.storyboard in Resources */,
			);
			runOnlyForDeploymentPostprocessing = 0;
		};
/* End PBXResourcesBuildPhase section */

/* Begin PBXShellScriptBuildPhase section */
		A7EA3DC857336F098F589410 /* [CP] Embed Pods Frameworks */ = {
			isa = PBXShellScriptBuildPhase;
			buildActionMask = 2147483647;
			files = (
			);
			inputFileListPaths = (
				"${PODS_ROOT}/Target Support Files/Pods-ToDoAppRealm/Pods-ToDoAppRealm-frameworks-${CONFIGURATION}-input-files.xcfilelist",
			);
			name = "[CP] Embed Pods Frameworks";
			outputFileListPaths = (
				"${PODS_ROOT}/Target Support Files/Pods-ToDoAppRealm/Pods-ToDoAppRealm-frameworks-${CONFIGURATION}-output-files.xcfilelist",
			);
			runOnlyForDeploymentPostprocessing = 0;
			shellPath = /bin/sh;
			shellScript = "\"${PODS_ROOT}/Target Support Files/Pods-ToDoAppRealm/Pods-ToDoAppRealm-frameworks.sh\"\n";
			showEnvVarsInLog = 0;
		};
		C770592145D9C6CB7DA35BB9 /* [CP] Check Pods Manifest.lock */ = {
			isa = PBXShellScriptBuildPhase;
			buildActionMask = 2147483647;
			files = (
			);
			inputFileListPaths = (
			);
			inputPaths = (
				"${PODS_PODFILE_DIR_PATH}/Podfile.lock",
				"${PODS_ROOT}/Manifest.lock",
			);
			name = "[CP] Check Pods Manifest.lock";
			outputFileListPaths = (
			);
			outputPaths = (
				"$(DERIVED_FILE_DIR)/Pods-ToDoAppRealm-checkManifestLockResult.txt",
			);
			runOnlyForDeploymentPostprocessing = 0;
			shellPath = /bin/sh;
			shellScript = "diff \"${PODS_PODFILE_DIR_PATH}/Podfile.lock\" \"${PODS_ROOT}/Manifest.lock\" > /dev/null\nif [ $? != 0 ] ; then\n    # print error to STDERR\n    echo \"error: The sandbox is not in sync with the Podfile.lock. Run 'pod install' or update your CocoaPods installation.\" >&2\n    exit 1\nfi\n# This output is used by Xcode 'outputs' to avoid re-running this script phase.\necho \"SUCCESS\" > \"${SCRIPT_OUTPUT_FILE_0}\"\n";
			showEnvVarsInLog = 0;
		};
/* End PBXShellScriptBuildPhase section */

/* Begin PBXSourcesBuildPhase section */
		072F716228D4DB3B00EEDE98 /* Sources */ = {
			isa = PBXSourcesBuildPhase;
			buildActionMask = 2147483647;
			files = (
				072F717E28D5A1E200EEDE98 /* DatabaseHelper.swift in Sources */,
				072F716E28D4DB3B00EEDE98 /* ViewController.swift in Sources */,
				072F716A28D4DB3B00EEDE98 /* AppDelegate.swift in Sources */,
				072F716C28D4DB3B00EEDE98 /* SceneDelegate.swift in Sources */,
			);
			runOnlyForDeploymentPostprocessing = 0;
		};
/* End PBXSourcesBuildPhase section */

/* Begin PBXVariantGroup section */
		072F716F28D4DB3B00EEDE98 /* Main.storyboard */ = {
			isa = PBXVariantGroup;
			children = (
				072F717028D4DB3B00EEDE98 /* Base */,
			);
			name = Main.storyboard;
			sourceTree = "<group>";
		};
		072F717428D4DB3C00EEDE98 /* LaunchScreen.storyboard */ = {
			isa = PBXVariantGroup;
			children = (
				072F717528D4DB3C00EEDE98 /* Base */,
			);
			name = LaunchScreen.storyboard;
			sourceTree = "<group>";
		};
/* End PBXVariantGroup section */

/* Begin XCBuildConfiguration section */
		072F717828D4DB3C00EEDE98 /* Debug */ = {
			isa = XCBuildConfiguration;
			buildSettings = {
				ALWAYS_SEARCH_USER_PATHS = NO;
				CLANG_ANALYZER_NONNULL = YES;
				CLANG_ANALYZER_NUMBER_OBJECT_CONVERSION = YES_AGGRESSIVE;
				CLANG_CXX_LANGUAGE_STANDARD = "gnu++17";
				CLANG_ENABLE_MODULES = YES;
				CLANG_ENABLE_OBJC_ARC = YES;
				CLANG_ENABLE_OBJC_WEAK = YES;
				CLANG_WARN_BLOCK_CAPTURE_AUTORELEASING = YES;
				CLANG_WARN_BOOL_CONVERSION = YES;
				CLANG_WARN_COMMA = YES;
				CLANG_WARN_CONSTANT_CONVERSION = YES;
				CLANG_WARN_DEPRECATED_OBJC_IMPLEMENTATIONS = YES;
				CLANG_WARN_DIRECT_OBJC_ISA_USAGE = YES_ERROR;
				CLANG_WARN_DOCUMENTATION_COMMENTS = YES;
				CLANG_WARN_EMPTY_BODY = YES;
				CLANG_WARN_ENUM_CONVERSION = YES;
				CLANG_WARN_INFINITE_RECURSION = YES;
				CLANG_WARN_INT_CONVERSION = YES;
				CLANG_WARN_NON_LITERAL_NULL_CONVERSION = YES;
				CLANG_WARN_OBJC_IMPLICIT_RETAIN_SELF = YES;
				CLANG_WARN_OBJC_LITERAL_CONVERSION = YES;
				CLANG_WARN_OBJC_ROOT_CLASS = YES_ERROR;
				CLANG_WARN_QUOTED_INCLUDE_IN_FRAMEWORK_HEADER = YES;
				CLANG_WARN_RANGE_LOOP_ANALYSIS = YES;
				CLANG_WARN_STRICT_PROTOTYPES = YES;
				CLANG_WARN_SUSPICIOUS_MOVE = YES;
				CLANG_WARN_UNGUARDED_AVAILABILITY = YES_AGGRESSIVE;
				CLANG_WARN_UNREACHABLE_CODE = YES;
				CLANG_WARN__DUPLICATE_METHOD_MATCH = YES;
				COPY_PHASE_STRIP = NO;
				DEBUG_INFORMATION_FORMAT = dwarf;
				ENABLE_STRICT_OBJC_MSGSEND = YES;
				ENABLE_TESTABILITY = YES;
				GCC_C_LANGUAGE_STANDARD = gnu11;
				GCC_DYNAMIC_NO_PIC = NO;
				GCC_NO_COMMON_BLOCKS = YES;
				GCC_OPTIMIZATION_LEVEL = 0;
				GCC_PREPROCESSOR_DEFINITIONS = (
					"DEBUG=1",
					"$(inherited)",
				);
				GCC_WARN_64_TO_32_BIT_CONVERSION = YES;
				GCC_WARN_ABOUT_RETURN_TYPE = YES_ERROR;
				GCC_WARN_UNDECLARED_SELECTOR = YES;
				GCC_WARN_UNINITIALIZED_AUTOS = YES_AGGRESSIVE;
				GCC_WARN_UNUSED_FUNCTION = YES;
				GCC_WARN_UNUSED_VARIABLE = YES;
				IPHONEOS_DEPLOYMENT_TARGET = 15.4;
				MTL_ENABLE_DEBUG_INFO = INCLUDE_SOURCE;
				MTL_FAST_MATH = YES;
				ONLY_ACTIVE_ARCH = YES;
				SDKROOT = iphoneos;
				SWIFT_ACTIVE_COMPILATION_CONDITIONS = DEBUG;
				SWIFT_OPTIMIZATION_LEVEL = "-Onone";
			};
			name = Debug;
		};
		072F717928D4DB3C00EEDE98 /* Release */ = {
			isa = XCBuildConfiguration;
			buildSettings = {
				ALWAYS_SEARCH_USER_PATHS = NO;
				CLANG_ANALYZER_NONNULL = YES;
				CLANG_ANALYZER_NUMBER_OBJECT_CONVERSION = YES_AGGRESSIVE;
				CLANG_CXX_LANGUAGE_STANDARD = "gnu++17";
				CLANG_ENABLE_MODULES = YES;
				CLANG_ENABLE_OBJC_ARC = YES;
				CLANG_ENABLE_OBJC_WEAK = YES;
				CLANG_WARN_BLOCK_CAPTURE_AUTORELEASING = YES;
				CLANG_WARN_BOOL_CONVERSION = YES;
				CLANG_WARN_COMMA = YES;
				CLANG_WARN_CONSTANT_CONVERSION = YES;
				CLANG_WARN_DEPRECATED_OBJC_IMPLEMENTATIONS = YES;
				CLANG_WARN_DIRECT_OBJC_ISA_USAGE = YES_ERROR;
				CLANG_WARN_DOCUMENTATION_COMMENTS = YES;
				CLANG_WARN_EMPTY_BODY = YES;
				CLANG_WARN_ENUM_CONVERSION = YES;
				CLANG_WARN_INFINITE_RECURSION = YES;
				CLANG_WARN_INT_CONVERSION = YES;
				CLANG_WARN_NON_LITERAL_NULL_CONVERSION = YES;
				CLANG_WARN_OBJC_IMPLICIT_RETAIN_SELF = YES;
				CLANG_WARN_OBJC_LITERAL_CONVERSION = YES;
				CLANG_WARN_OBJC_ROOT_CLASS = YES_ERROR;
				CLANG_WARN_QUOTED_INCLUDE_IN_FRAMEWORK_HEADER = YES;
				CLANG_WARN_RANGE_LOOP_ANALYSIS = YES;
				CLANG_WARN_STRICT_PROTOTYPES = YES;
				CLANG_WARN_SUSPICIOUS_MOVE = YES;
				CLANG_WARN_UNGUARDED_AVAILABILITY = YES_AGGRESSIVE;
				CLANG_WARN_UNREACHABLE_CODE = YES;
				CLANG_WARN__DUPLICATE_METHOD_MATCH = YES;
				COPY_PHASE_STRIP = NO;
				DEBUG_INFORMATION_FORMAT = "dwarf-with-dsym";
				ENABLE_NS_ASSERTIONS = NO;
				ENABLE_STRICT_OBJC_MSGSEND = YES;
				GCC_C_LANGUAGE_STANDARD = gnu11;
				GCC_NO_COMMON_BLOCKS = YES;
				GCC_WARN_64_TO_32_BIT_CONVERSION = YES;
				GCC_WARN_ABOUT_RETURN_TYPE = YES_ERROR;
				GCC_WARN_UNDECLARED_SELECTOR = YES;
				GCC_WARN_UNINITIALIZED_AUTOS = YES_AGGRESSIVE;
				GCC_WARN_UNUSED_FUNCTION = YES;
				GCC_WARN_UNUSED_VARIABLE = YES;
				IPHONEOS_DEPLOYMENT_TARGET = 15.4;
				MTL_ENABLE_DEBUG_INFO = NO;
				MTL_FAST_MATH = YES;
				SDKROOT = iphoneos;
				SWIFT_COMPILATION_MODE = wholemodule;
				SWIFT_OPTIMIZATION_LEVEL = "-O";
				VALIDATE_PRODUCT = YES;
			};
			name = Release;
		};
		072F717B28D4DB3C00EEDE98 /* Debug */ = {
			isa = XCBuildConfiguration;
			baseConfigurationReference = D6A13E4287A8E8DC590BAB46 /* Pods-ToDoAppRealm.debug.xcconfig */;
			buildSettings = {
				ASSETCATALOG_COMPILER_APPICON_NAME = AppIcon;
				ASSETCATALOG_COMPILER_GLOBAL_ACCENT_COLOR_NAME = AccentColor;
				CODE_SIGN_STYLE = Automatic;
				CURRENT_PROJECT_VERSION = 1;
				DEVELOPMENT_TEAM = X249B2982R;
				GENERATE_INFOPLIST_FILE = YES;
				INFOPLIST_FILE = ToDoAppRealm/Info.plist;
				INFOPLIST_KEY_UIApplicationSupportsIndirectInputEvents = YES;
				INFOPLIST_KEY_UILaunchStoryboardName = LaunchScreen;
				INFOPLIST_KEY_UIMainStoryboardFile = Main;
				INFOPLIST_KEY_UISupportedInterfaceOrientations_iPad = "UIInterfaceOrientationPortrait UIInterfaceOrientationPortraitUpsideDown UIInterfaceOrientationLandscapeLeft UIInterfaceOrientationLandscapeRight";
				INFOPLIST_KEY_UISupportedInterfaceOrientations_iPhone = "UIInterfaceOrientationPortrait UIInterfaceOrientationLandscapeLeft UIInterfaceOrientationLandscapeRight";
				LD_RUNPATH_SEARCH_PATHS = (
					"$(inherited)",
					"@executable_path/Frameworks",
				);
				MARKETING_VERSION = 1.0;
				PRODUCT_BUNDLE_IDENTIFIER = com.aman.ToDoAppRealm;
				PRODUCT_NAME = "$(TARGET_NAME)";
				SWIFT_EMIT_LOC_STRINGS = YES;
				SWIFT_VERSION = 5.0;
				TARGETED_DEVICE_FAMILY = "1,2";
			};
			name = Debug;
		};
		072F717C28D4DB3C00EEDE98 /* Release */ = {
			isa = XCBuildConfiguration;
			baseConfigurationReference = 6A58CB17BB1CD07B33864CAC /* Pods-ToDoAppRealm.release.xcconfig */;
			buildSettings = {
				ASSETCATALOG_COMPILER_APPICON_NAME = AppIcon;
				ASSETCATALOG_COMPILER_GLOBAL_ACCENT_COLOR_NAME = AccentColor;
				CODE_SIGN_STYLE = Automatic;
				CURRENT_PROJECT_VERSION = 1;
				DEVELOPMENT_TEAM = X249B2982R;
				GENERATE_INFOPLIST_FILE = YES;
				INFOPLIST_FILE = ToDoAppRealm/Info.plist;
				INFOPLIST_KEY_UIApplicationSupportsIndirectInputEvents = YES;
				INFOPLIST_KEY_UILaunchStoryboardName = LaunchScreen;
				INFOPLIST_KEY_UIMainStoryboardFile = Main;
				INFOPLIST_KEY_UISupportedInterfaceOrientations_iPad = "UIInterfaceOrientationPortrait UIInterfaceOrientationPortraitUpsideDown UIInterfaceOrientationLandscapeLeft UIInterfaceOrientationLandscapeRight";
				INFOPLIST_KEY_UISupportedInterfaceOrientations_iPhone = "UIInterfaceOrientationPortrait UIInterfaceOrientationLandscapeLeft UIInterfaceOrientationLandscapeRight";
				LD_RUNPATH_SEARCH_PATHS = (
					"$(inherited)",
					"@executable_path/Frameworks",
				);
				MARKETING_VERSION = 1.0;
				PRODUCT_BUNDLE_IDENTIFIER = com.aman.ToDoAppRealm;
				PRODUCT_NAME = "$(TARGET_NAME)";
				SWIFT_EMIT_LOC_STRINGS = YES;
				SWIFT_VERSION = 5.0;
				TARGETED_DEVICE_FAMILY = "1,2";
			};
			name = Release;
		};
/* End XCBuildConfiguration section */

/* Begin XCConfigurationList section */
		072F716128D4DB3B00EEDE98 /* Build configuration list for PBXProject "ToDoAppRealm" */ = {
			isa = XCConfigurationList;
			buildConfigurations = (
				072F717828D4DB3C00EEDE98 /* Debug */,
				072F717928D4DB3C00EEDE98 /* Release */,
			);
			defaultConfigurationIsVisible = 0;
			defaultConfigurationName = Release;
		};
		072F717A28D4DB3C00EEDE98 /* Build configuration list for PBXNativeTarget "ToDoAppRealm" */ = {
			isa = XCConfigurationList;
			buildConfigurations = (
				072F717B28D4DB3C00EEDE98 /* Debug */,
				072F717C28D4DB3C00EEDE98 /* Release */,
			);
			defaultConfigurationIsVisible = 0;
			defaultConfigurationName = Release;
		};
/* End XCConfigurationList section */
	};
	rootObject = 072F715E28D4DB3B00EEDE98 /* Project object */;
}
